
Microsoft Visual Studio Solution File, Format Version 12.00
# Visual Studio Version 16
VisualStudioVersion = 16.0.33328.57
MinimumVisualStudioVersion = 10.0.40219.1
Project("{FAE04EC0-301F-11D3-BF4B-00C04F79EFBC}") = "Final_Challenge_Assignment", "Final_Challenge_Assignment\Final_Challenge_Assignment.csproj", "{CBA4235D-5FAE-4207-B8F3-91CBA6DFF682}"
EndProject
Global
	GlobalSection(SolutionConfigurationPlatforms) = preSolution
		Debug|Any CPU = Debug|Any CPU
		Release|Any CPU = Release|Any CPU
	EndGlobalSection
	GlobalSection(ProjectConfigurationPlatforms) = postSolution
		{CBA4235D-5FAE-4207-B8F3-91CBA6DFF682}.Debug|Any CPU.ActiveCfg = Debug|Any CPU
		{CBA4235D-5FAE-4207-B8F3-91CBA6DFF682}.Debug|Any CPU.Build.0 = Debug|Any CPU
		{CBA4235D-5FAE-4207-B8F3-91CBA6DFF682}.Release|Any CPU.ActiveCfg = Release|Any CPU
		{CBA4235D-5FAE-4207-B8F3-91CBA6DFF682}.Release|Any CPU.Build.0 = Release|Any CPU
	EndGlobalSection
	GlobalSection(SolutionProperties) = preSolution
		HideSolutionNode = FALSE
	EndGlobalSection
	GlobalSection(ExtensibilityGlobals) = postSolution
		SolutionGuid = {BDC9E9F7-423F-478D-AAC8-39D7F3536B94}
	EndGlobalSection
EndGlobal
