
Microsoft Visual Studio Solution File, Format Version 12.00
# Visual Studio Version 17
VisualStudioVersion = 17.4.33213.308
MinimumVisualStudioVersion = 10.0.40219.1
Project("{FAE04EC0-301F-11D3-BF4B-00C04F79EFBC}") = "Branching_Assignment", "Branching_Assignment\Branching_Assignment.csproj", "{ECA1C703-06E4-4E08-BFC0-1CDF203EBC25}"
EndProject
Global
	GlobalSection(SolutionConfigurationPlatforms) = preSolution
		Debug|Any CPU = Debug|Any CPU
		Release|Any CPU = Release|Any CPU
	EndGlobalSection
	GlobalSection(ProjectConfigurationPlatforms) = postSolution
		{ECA1C703-06E4-4E08-BFC0-1CDF203EBC25}.Debug|Any CPU.ActiveCfg = Debug|Any CPU
		{ECA1C703-06E4-4E08-BFC0-1CDF203EBC25}.Debug|Any CPU.Build.0 = Debug|Any CPU
		{ECA1C703-06E4-4E08-BFC0-1CDF203EBC25}.Release|Any CPU.ActiveCfg = Release|Any CPU
		{ECA1C703-06E4-4E08-BFC0-1CDF203EBC25}.Release|Any CPU.Build.0 = Release|Any CPU
	EndGlobalSection
	GlobalSection(SolutionProperties) = preSolution
		HideSolutionNode = FALSE
	EndGlobalSection
	GlobalSection(ExtensibilityGlobals) = postSolution
		SolutionGuid = {C48FA73E-4DEB-4BC7-ADE7-4135BF11F981}
	EndGlobalSection
EndGlobal
