
Microsoft Visual Studio Solution File, Format Version 12.00
# Visual Studio Version 17
VisualStudioVersion = 17.4.33403.182
MinimumVisualStudioVersion = 10.0.40219.1
Project("{FAE04EC0-301F-11D3-BF4B-00C04F79EFBC}") = "Calling_Methods", "Calling_Methods\Calling_Methods.csproj", "{5A146A47-E644-49B2-A11D-A23BAD08EF17}"
EndProject
Global
	GlobalSection(SolutionConfigurationPlatforms) = preSolution
		Debug|Any CPU = Debug|Any CPU
		Release|Any CPU = Release|Any CPU
	EndGlobalSection
	GlobalSection(ProjectConfigurationPlatforms) = postSolution
		{5A146A47-E644-49B2-A11D-A23BAD08EF17}.Debug|Any CPU.ActiveCfg = Debug|Any CPU
		{5A146A47-E644-49B2-A11D-A23BAD08EF17}.Debug|Any CPU.Build.0 = Debug|Any CPU
		{5A146A47-E644-49B2-A11D-A23BAD08EF17}.Release|Any CPU.ActiveCfg = Release|Any CPU
		{5A146A47-E644-49B2-A11D-A23BAD08EF17}.Release|Any CPU.Build.0 = Release|Any CPU
	EndGlobalSection
	GlobalSection(SolutionProperties) = preSolution
		HideSolutionNode = FALSE
	EndGlobalSection
	GlobalSection(ExtensibilityGlobals) = postSolution
		SolutionGuid = {152FBE56-BB78-46CE-A049-E080DFB4BE51}
	EndGlobalSection
EndGlobal
