
Microsoft Visual Studio Solution File, Format Version 12.00
# Visual Studio Version 17
VisualStudioVersion = 17.4.33403.182
MinimumVisualStudioVersion = 10.0.40219.1
Project("{FAE04EC0-301F-11D3-BF4B-00C04F79EFBC}") = "Lambda_Assignment", "Lambda_Assignment\Lambda_Assignment.csproj", "{A658EF75-7165-4D3D-85B1-EA693B7B92C3}"
EndProject
Global
	GlobalSection(SolutionConfigurationPlatforms) = preSolution
		Debug|Any CPU = Debug|Any CPU
		Release|Any CPU = Release|Any CPU
	EndGlobalSection
	GlobalSection(ProjectConfigurationPlatforms) = postSolution
		{A658EF75-7165-4D3D-85B1-EA693B7B92C3}.Debug|Any CPU.ActiveCfg = Debug|Any CPU
		{A658EF75-7165-4D3D-85B1-EA693B7B92C3}.Debug|Any CPU.Build.0 = Debug|Any CPU
		{A658EF75-7165-4D3D-85B1-EA693B7B92C3}.Release|Any CPU.ActiveCfg = Release|Any CPU
		{A658EF75-7165-4D3D-85B1-EA693B7B92C3}.Release|Any CPU.Build.0 = Release|Any CPU
	EndGlobalSection
	GlobalSection(SolutionProperties) = preSolution
		HideSolutionNode = FALSE
	EndGlobalSection
	GlobalSection(ExtensibilityGlobals) = postSolution
		SolutionGuid = {9FB681D2-4599-4238-9455-98148300B562}
	EndGlobalSection
EndGlobal
