
Microsoft Visual Studio Solution File, Format Version 12.00
# Visual Studio Version 17
VisualStudioVersion = 17.4.33213.308
MinimumVisualStudioVersion = 10.0.40219.1
Project("{FAE04EC0-301F-11D3-BF4B-00C04F79EFBC}") = "String_Assignment", "String_Assignment\String_Assignment.csproj", "{A8BB56E6-36A7-4B2E-975C-760C329CA7E8}"
EndProject
Global
	GlobalSection(SolutionConfigurationPlatforms) = preSolution
		Debug|Any CPU = Debug|Any CPU
		Release|Any CPU = Release|Any CPU
	EndGlobalSection
	GlobalSection(ProjectConfigurationPlatforms) = postSolution
		{A8BB56E6-36A7-4B2E-975C-760C329CA7E8}.Debug|Any CPU.ActiveCfg = Debug|Any CPU
		{A8BB56E6-36A7-4B2E-975C-760C329CA7E8}.Debug|Any CPU.Build.0 = Debug|Any CPU
		{A8BB56E6-36A7-4B2E-975C-760C329CA7E8}.Release|Any CPU.ActiveCfg = Release|Any CPU
		{A8BB56E6-36A7-4B2E-975C-760C329CA7E8}.Release|Any CPU.Build.0 = Release|Any CPU
	EndGlobalSection
	GlobalSection(SolutionProperties) = preSolution
		HideSolutionNode = FALSE
	EndGlobalSection
	GlobalSection(ExtensibilityGlobals) = postSolution
		SolutionGuid = {B463D88A-FADD-49D3-92AB-B6C74A3E6688}
	EndGlobalSection
EndGlobal
