
Microsoft Visual Studio Solution File, Format Version 12.00
# Visual Studio Version 17
VisualStudioVersion = 17.4.33403.182
MinimumVisualStudioVersion = 10.0.40219.1
Project("{FAE04EC0-301F-11D3-BF4B-00C04F79EFBC}") = "Method_Submission_Assignment", "Method_Submission_Assignment\Method_Submission_Assignment.csproj", "{2DB7E35E-B210-41D4-A3E6-9BAEACC553A7}"
EndProject
Global
	GlobalSection(SolutionConfigurationPlatforms) = preSolution
		Debug|Any CPU = Debug|Any CPU
		Release|Any CPU = Release|Any CPU
	EndGlobalSection
	GlobalSection(ProjectConfigurationPlatforms) = postSolution
		{2DB7E35E-B210-41D4-A3E6-9BAEACC553A7}.Debug|Any CPU.ActiveCfg = Debug|Any CPU
		{2DB7E35E-B210-41D4-A3E6-9BAEACC553A7}.Debug|Any CPU.Build.0 = Debug|Any CPU
		{2DB7E35E-B210-41D4-A3E6-9BAEACC553A7}.Release|Any CPU.ActiveCfg = Release|Any CPU
		{2DB7E35E-B210-41D4-A3E6-9BAEACC553A7}.Release|Any CPU.Build.0 = Release|Any CPU
	EndGlobalSection
	GlobalSection(SolutionProperties) = preSolution
		HideSolutionNode = FALSE
	EndGlobalSection
	GlobalSection(ExtensibilityGlobals) = postSolution
		SolutionGuid = {F71CCCD4-D6A8-4E91-B2C5-DB1509DCE04C}
	EndGlobalSection
EndGlobal
