
Microsoft Visual Studio Solution File, Format Version 12.00
# Visual Studio Version 17
VisualStudioVersion = 17.4.33213.308
MinimumVisualStudioVersion = 10.0.40219.1
Project("{FAE04EC0-301F-11D3-BF4B-00C04F79EFBC}") = "ConsoleApp_Array", "ConsoleApp_Array\ConsoleApp_Array.csproj", "{A5433970-9C61-4B6C-8D8F-C5AEA18EFE09}"
EndProject
Global
	GlobalSection(SolutionConfigurationPlatforms) = preSolution
		Debug|Any CPU = Debug|Any CPU
		Release|Any CPU = Release|Any CPU
	EndGlobalSection
	GlobalSection(ProjectConfigurationPlatforms) = postSolution
		{A5433970-9C61-4B6C-8D8F-C5AEA18EFE09}.Debug|Any CPU.ActiveCfg = Debug|Any CPU
		{A5433970-9C61-4B6C-8D8F-C5AEA18EFE09}.Debug|Any CPU.Build.0 = Debug|Any CPU
		{A5433970-9C61-4B6C-8D8F-C5AEA18EFE09}.Release|Any CPU.ActiveCfg = Release|Any CPU
		{A5433970-9C61-4B6C-8D8F-C5AEA18EFE09}.Release|Any CPU.Build.0 = Release|Any CPU
	EndGlobalSection
	GlobalSection(SolutionProperties) = preSolution
		HideSolutionNode = FALSE
	EndGlobalSection
	GlobalSection(ExtensibilityGlobals) = postSolution
		SolutionGuid = {38EAD665-D59B-4D27-A9D2-5DA460D3CD48}
	EndGlobalSection
EndGlobal
