
Microsoft Visual Studio Solution File, Format Version 12.00
# Visual Studio Version 17
VisualStudioVersion = 17.4.33403.182
MinimumVisualStudioVersion = 10.0.40219.1
Project("{FAE04EC0-301F-11D3-BF4B-00C04F79EFBC}") = "Parsing_Enums_Assignment", "Parsing_Enums_Assignment\Parsing_Enums_Assignment.csproj", "{9223EDAE-2A97-4BD9-954D-02B987715FBB}"
EndProject
Global
	GlobalSection(SolutionConfigurationPlatforms) = preSolution
		Debug|Any CPU = Debug|Any CPU
		Release|Any CPU = Release|Any CPU
	EndGlobalSection
	GlobalSection(ProjectConfigurationPlatforms) = postSolution
		{9223EDAE-2A97-4BD9-954D-02B987715FBB}.Debug|Any CPU.ActiveCfg = Debug|Any CPU
		{9223EDAE-2A97-4BD9-954D-02B987715FBB}.Debug|Any CPU.Build.0 = Debug|Any CPU
		{9223EDAE-2A97-4BD9-954D-02B987715FBB}.Release|Any CPU.ActiveCfg = Release|Any CPU
		{9223EDAE-2A97-4BD9-954D-02B987715FBB}.Release|Any CPU.Build.0 = Release|Any CPU
	EndGlobalSection
	GlobalSection(SolutionProperties) = preSolution
		HideSolutionNode = FALSE
	EndGlobalSection
	GlobalSection(ExtensibilityGlobals) = postSolution
		SolutionGuid = {27EC74BD-7552-4F5B-AB38-ABAB5DE0E3F9}
	EndGlobalSection
EndGlobal
